
Microsoft Visual Studio Solution File, Format Version 12.00
# Visual Studio Version 17
VisualStudioVersion = 17.5.33516.290
MinimumVisualStudioVersion = 10.0.40219.1
Project("{8BC9CEB8-8B4A-11D0-8D11-00A0C91BC942}") = "QuickSort", "QuickSort\QuickSort.vcxproj", "{0CAA7F13-FC31-42C3-9157-064670D6AC62}"
EndProject
Global
	GlobalSection(SolutionConfigurationPlatforms) = preSolution
		Debug|x64 = Debug|x64
		Debug|x86 = Debug|x86
		Release|x64 = Release|x64
		Release|x86 = Release|x86
	EndGlobalSection
	GlobalSection(ProjectConfigurationPlatforms) = postSolution
		{0CAA7F13-FC31-42C3-9157-064670D6AC62}.Debug|x64.ActiveCfg = Debug|x64
		{0CAA7F13-FC31-42C3-9157-064670D6AC62}.Debug|x64.Build.0 = Debug|x64
		{0CAA7F13-FC31-42C3-9157-064670D6AC62}.Debug|x86.ActiveCfg = Debug|Win32
		{0CAA7F13-FC31-42C3-9157-064670D6AC62}.Debug|x86.Build.0 = Debug|Win32
		{0CAA7F13-FC31-42C3-9157-064670D6AC62}.Release|x64.ActiveCfg = Release|x64
		{0CAA7F13-FC31-42C3-9157-064670D6AC62}.Release|x64.Build.0 = Release|x64
		{0CAA7F13-FC31-42C3-9157-064670D6AC62}.Release|x86.ActiveCfg = Release|Win32
		{0CAA7F13-FC31-42C3-9157-064670D6AC62}.Release|x86.Build.0 = Release|Win32
	EndGlobalSection
	GlobalSection(SolutionProperties) = preSolution
		HideSolutionNode = FALSE
	EndGlobalSection
	GlobalSection(ExtensibilityGlobals) = postSolution
		SolutionGuid = {911587B0-A8E8-4C84-99E8-3DA252F0FCD4}
	EndGlobalSection
EndGlobal
